// !$*UTF8*$!
{
	archiveVersion = 1;
	classes = {
	};
	objectVersion = 46;
	objects = {

/* Begin PBXBuildFile section */
		BB1423891EA217BD002606BD /* AppDelegate.swift in Sources */ = {isa = PBXBuildFile; fileRef = BB1423881EA217BD002606BD /* AppDelegate.swift */; };
		BB14238B1EA217BD002606BD /* ViewController.swift in Sources */ = {isa = PBXBuildFile; fileRef = BB14238A1EA217BD002606BD /* ViewController.swift */; };
		BB14238E1EA217BD002606BD /* Main.storyboard in Resources */ = {isa = PBXBuildFile; fileRef = BB14238C1EA217BD002606BD /* Main.storyboard */; };
		BB1423901EA217BD002606BD /* Assets.xcassets in Resources */ = {isa = PBXBuildFile; fileRef = BB14238F1EA217BD002606BD /* Assets.xcassets */; };
		BB1423931EA217BD002606BD /* LaunchScreen.storyboard in Resources */ = {isa = PBXBuildFile; fileRef = BB1423911EA217BD002606BD /* LaunchScreen.storyboard */; };
		BB14239E1EA217BD002606BD /* CalculatorTests.swift in Sources */ = {isa = PBXBuildFile; fileRef = BB14239D1EA217BD002606BD /* CalculatorTests.swift */; };
		BB1423A91EA217BD002606BD /* CalculatorUITests.swift in Sources */ = {isa = PBXBuildFile; fileRef = BB1423A81EA217BD002606BD /* CalculatorUITests.swift */; };
/* End PBXBuildFile section */

/* Begin PBXContainerItemProxy section */
		BB14239A1EA217BD002606BD /* PBXContainerItemProxy */ = {
			isa = PBXContainerItemProxy;
			containerPortal = BB14237D1EA217BD002606BD /* Project object */;
			proxyType = 1;
			remoteGlobalIDString = BB1423841EA217BD002606BD;
			remoteInfo = Calculator;
		};
		BB1423A51EA217BD002606BD /* PBXContainerItemProxy */ = {
			isa = PBXContainerItemProxy;
			containerPortal = BB14237D1EA217BD002606BD /* Project object */;
			proxyType = 1;
			remoteGlobalIDString = BB1423841EA217BD002606BD;
			remoteInfo = Calculator;
		};
/* End PBXContainerItemProxy section */

/* Begin PBXFileReference section */
		BB1423851EA217BD002606BD /* Calculator.app */ = {isa = PBXFileReference; explicitFileType = wrapper.application; includeInIndex = 0; path = Calculator.app; sourceTree = BUILT_PRODUCTS_DIR; };
		BB1423881EA217BD002606BD /* AppDelegate.swift */ = {isa = PBXFileReference; lastKnownFileType = sourcecode.swift; path = AppDelegate.swift; sourceTree = "<group>"; };
		BB14238A1EA217BD002606BD /* ViewController.swift */ = {isa = PBXFileReference; lastKnownFileType = sourcecode.swift; path = ViewController.swift; sourceTree = "<group>"; };
		BB14238D1EA217BD002606BD /* Base */ = {isa = PBXFileReference; lastKnownFileType = file.storyboard; name = Base; path = Base.lproj/Main.storyboard; sourceTree = "<group>"; };
		BB14238F1EA217BD002606BD /* Assets.xcassets */ = {isa = PBXFileReference; lastKnownFileType = folder.assetcatalog; path = Assets.xcassets; sourceTree = "<group>"; };
		BB1423921EA217BD002606BD /* Base */ = {isa = PBXFileReference; lastKnownFileType = file.storyboard; name = Base; path = Base.lproj/LaunchScreen.storyboard; sourceTree = "<group>"; };
		BB1423941EA217BD002606BD /* Info.plist */ = {isa = PBXFileReference; lastKnownFileType = text.plist.xml; path = Info.plist; sourceTree = "<group>"; };
		BB1423991EA217BD002606BD /* CalculatorTests.xctest */ = {isa = PBXFileReference; explicitFileType = wrapper.cfbundle; includeInIndex = 0; path = CalculatorTests.xctest; sourceTree = BUILT_PRODUCTS_DIR; };
		BB14239D1EA217BD002606BD /* CalculatorTests.swift */ = {isa = PBXFileReference; lastKnownFileType = sourcecode.swift; path = CalculatorTests.swift; sourceTree = "<group>"; };
		BB14239F1EA217BD002606BD /* Info.plist */ = {isa = PBXFileReference; lastKnownFileType = text.plist.xml; path = Info.plist; sourceTree = "<group>"; };
		BB1423A41EA217BD002606BD /* CalculatorUITests.xctest */ = {isa = PBXFileReference; explicitFileType = wrapper.cfbundle; includeInIndex = 0; path = CalculatorUITests.xctest; sourceTree = BUILT_PRODUCTS_DIR; };
		BB1423A81EA217BD002606BD /* CalculatorUITests.swift */ = {isa = PBXFileReference; lastKnownFileType = sourcecode.swift; path = CalculatorUITests.swift; sourceTree = "<group>"; };
		BB1423AA1EA217BD002606BD /* Info.plist */ = {isa = PBXFileReference; lastKnownFileType = text.plist.xml; path = Info.plist; sourceTree = "<group>"; };
/* End PBXFileReference section */

/* Begin PBXFrameworksBuildPhase section */
		BB1423821EA217BD002606BD /* Frameworks */ = {
			isa = PBXFrameworksBuildPhase;
			buildActionMask = 2147483647;
			files = (
			);
			runOnlyForDeploymentPostprocessing = 0;
		};
		BB1423961EA217BD002606BD /* Frameworks */ = {
			isa = PBXFrameworksBuildPhase;
			buildActionMask = 2147483647;
			files = (
			);
			runOnlyForDeploymentPostprocessing = 0;
		};
		BB1423A11EA217BD002606BD /* Frameworks */ = {
			isa = PBXFrameworksBuildPhase;
			buildActionMask = 2147483647;
			files = (
			);
			runOnlyForDeploymentPostprocessing = 0;
		};
/* End PBXFrameworksBuildPhase section */

/* Begin PBXGroup section */
		BB14237C1EA217BD002606BD = {
			isa = PBXGroup;
			children = (
				BB1423871EA217BD002606BD /* Calculator */,
				BB14239C1EA217BD002606BD /* CalculatorTests */,
				BB1423A71EA217BD002606BD /* CalculatorUITests */,
				BB1423861EA217BD002606BD /* Products */,
			);
			sourceTree = "<group>";
		};
		BB1423861EA217BD002606BD /* Products */ = {
			isa = PBXGroup;
			children = (
				BB1423851EA217BD002606BD /* Calculator.app */,
				BB1423991EA217BD002606BD /* CalculatorTests.xctest */,
				BB1423A41EA217BD002606BD /* CalculatorUITests.xctest */,
			);
			name = Products;
			sourceTree = "<group>";
		};
		BB1423871EA217BD002606BD /* Calculator */ = {
			isa = PBXGroup;
			children = (
				BB1423881EA217BD002606BD /* AppDelegate.swift */,
				BB14238A1EA217BD002606BD /* ViewController.swift */,
				BB14238C1EA217BD002606BD /* Main.storyboard */,
				BB14238F1EA217BD002606BD /* Assets.xcassets */,
				BB1423911EA217BD002606BD /* LaunchScreen.storyboard */,
				BB1423941EA217BD002606BD /* Info.plist */,
			);
			path = Calculator;
			sourceTree = "<group>";
		};
		BB14239C1EA217BD002606BD /* CalculatorTests */ = {
			isa = PBXGroup;
			children = (
				BB14239D1EA217BD002606BD /* CalculatorTests.swift */,
				BB14239F1EA217BD002606BD /* Info.plist */,
			);
			path = CalculatorTests;
			sourceTree = "<group>";
		};
		BB1423A71EA217BD002606BD /* CalculatorUITests */ = {
			isa = PBXGroup;
			children = (
				BB1423A81EA217BD002606BD /* CalculatorUITests.swift */,
				BB1423AA1EA217BD002606BD /* Info.plist */,
			);
			path = CalculatorUITests;
			sourceTree = "<group>";
		};
/* End PBXGroup section */

/* Begin PBXNativeTarget section */
		BB1423841EA217BD002606BD /* Calculator */ = {
			isa = PBXNativeTarget;
			buildConfigurationList = BB1423AD1EA217BD002606BD /* Build configuration list for PBXNativeTarget "Calculator" */;
			buildPhases = (
				BB1423811EA217BD002606BD /* Sources */,
				BB1423821EA217BD002606BD /* Frameworks */,
				BB1423831EA217BD002606BD /* Resources */,
			);
			buildRules = (
			);
			dependencies = (
			);
			name = Calculator;
			productName = Calculator;
			productReference = BB1423851EA217BD002606BD /* Calculator.app */;
			productType = "com.apple.product-type.application";
		};
		BB1423981EA217BD002606BD /* CalculatorTests */ = {
			isa = PBXNativeTarget;
			buildConfigurationList = BB1423B01EA217BD002606BD /* Build configuration list for PBXNativeTarget "CalculatorTests" */;
			buildPhases = (
				BB1423951EA217BD002606BD /* Sources */,
				BB1423961EA217BD002606BD /* Frameworks */,
				BB1423971EA217BD002606BD /* Resources */,
			);
			buildRules = (
			);
			dependencies = (
				BB14239B1EA217BD002606BD /* PBXTargetDependency */,
			);
			name = CalculatorTests;
			productName = CalculatorTests;
			productReference = BB1423991EA217BD002606BD /* CalculatorTests.xctest */;
			productType = "com.apple.product-type.bundle.unit-test";
		};
		BB1423A31EA217BD002606BD /* CalculatorUITests */ = {
			isa = PBXNativeTarget;
			buildConfigurationList = BB1423B31EA217BD002606BD /* Build configuration list for PBXNativeTarget "CalculatorUITests" */;
			buildPhases = (
				BB1423A01EA217BD002606BD /* Sources */,
				BB1423A11EA217BD002606BD /* Frameworks */,
				BB1423A21EA217BD002606BD /* Resources */,
			);
			buildRules = (
			);
			dependencies = (
				BB1423A61EA217BD002606BD /* PBXTargetDependency */,
			);
			name = CalculatorUITests;
			productName = CalculatorUITests;
			productReference = BB1423A41EA217BD002606BD /* CalculatorUITests.xctest */;
			productType = "com.apple.product-type.bundle.ui-testing";
		};
/* End PBXNativeTarget section */

/* Begin PBXProject section */
		BB14237D1EA217BD002606BD /* Project object */ = {
			isa = PBXProject;
			attributes = {
				LastSwiftUpdateCheck = 0830;
				LastUpgradeCheck = 0830;
				ORGANIZATIONNAME = Cntt22;
				TargetAttributes = {
					BB1423841EA217BD002606BD = {
						CreatedOnToolsVersion = 8.3;
						ProvisioningStyle = Automatic;
					};
					BB1423981EA217BD002606BD = {
						CreatedOnToolsVersion = 8.3;
						ProvisioningStyle = Automatic;
						TestTargetID = BB1423841EA217BD002606BD;
					};
					BB1423A31EA217BD002606BD = {
						CreatedOnToolsVersion = 8.3;
						ProvisioningStyle = Automatic;
						TestTargetID = BB1423841EA217BD002606BD;
					};
				};
			};
			buildConfigurationList = BB1423801EA217BD002606BD /* Build configuration list for PBXProject "Calculator" */;
			compatibilityVersion = "Xcode 3.2";
			developmentRegion = English;
			hasScannedForEncodings = 0;
			knownRegions = (
				en,
				Base,
			);
			mainGroup = BB14237C1EA217BD002606BD;
			productRefGroup = BB1423861EA217BD002606BD /* Products */;
			projectDirPath = "";
			projectRoot = "";
			targets = (
				BB1423841EA217BD002606BD /* Calculator */,
				BB1423981EA217BD002606BD /* CalculatorTests */,
				BB1423A31EA217BD002606BD /* CalculatorUITests */,
			);
		};
/* End PBXProject section */

/* Begin PBXResourcesBuildPhase section */
		BB1423831EA217BD002606BD /* Resources */ = {
			isa = PBXResourcesBuildPhase;
			buildActionMask = 2147483647;
			files = (
				BB1423931EA217BD002606BD /* LaunchScreen.storyboard in Resources */,
				BB1423901EA217BD002606BD /* Assets.xcassets in Resources */,
				BB14238E1EA217BD002606BD /* Main.storyboard in Resources */,
			);
			runOnlyForDeploymentPostprocessing = 0;
		};
		BB1423971EA217BD002606BD /* Resources */ = {
			isa = PBXResourcesBuildPhase;
			buildActionMask = 2147483647;
			files = (
			);
			runOnlyForDeploymentPostprocessing = 0;
		};
		BB1423A21EA217BD002606BD /* Resources */ = {
			isa = PBXResourcesBuildPhase;
			buildActionMask = 2147483647;
			files = (
			);
			runOnlyForDeploymentPostprocessing = 0;
		};
/* End PBXResourcesBuildPhase section */

/* Begin PBXSourcesBuildPhase section */
		BB1423811EA217BD002606BD /* Sources */ = {
			isa = PBXSourcesBuildPhase;
			buildActionMask = 2147483647;
			files = (
				BB14238B1EA217BD002606BD /* ViewController.swift in Sources */,
				BB1423891EA217BD002606BD /* AppDelegate.swift in Sources */,
			);
			runOnlyForDeploymentPostprocessing = 0;
		};
		BB1423951EA217BD002606BD /* Sources */ = {
			isa = PBXSourcesBuildPhase;
			buildActionMask = 2147483647;
			files = (
				BB14239E1EA217BD002606BD /* CalculatorTests.swift in Sources */,
			);
			runOnlyForDeploymentPostprocessing = 0;
		};
		BB1423A01EA217BD002606BD /* Sources */ = {
			isa = PBXSourcesBuildPhase;
			buildActionMask = 2147483647;
			files = (
				BB1423A91EA217BD002606BD /* CalculatorUITests.swift in Sources */,
			);
			runOnlyForDeploymentPostprocessing = 0;
		};
/* End PBXSourcesBuildPhase section */

/* Begin PBXTargetDependency section */
		BB14239B1EA217BD002606BD /* PBXTargetDependency */ = {
			isa = PBXTargetDependency;
			target = BB1423841EA217BD002606BD /* Calculator */;
			targetProxy = BB14239A1EA217BD002606BD /* PBXContainerItemProxy */;
		};
		BB1423A61EA217BD002606BD /* PBXTargetDependency */ = {
			isa = PBXTargetDependency;
			target = BB1423841EA217BD002606BD /* Calculator */;
			targetProxy = BB1423A51EA217BD002606BD /* PBXContainerItemProxy */;
		};
/* End PBXTargetDependency section */

/* Begin PBXVariantGroup section */
		BB14238C1EA217BD002606BD /* Main.storyboard */ = {
			isa = PBXVariantGroup;
			children = (
				BB14238D1EA217BD002606BD /* Base */,
			);
			name = Main.storyboard;
			sourceTree = "<group>";
		};
		BB1423911EA217BD002606BD /* LaunchScreen.storyboard */ = {
			isa = PBXVariantGroup;
			children = (
				BB1423921EA217BD002606BD /* Base */,
			);
			name = LaunchScreen.storyboard;
			sourceTree = "<group>";
		};
/* End PBXVariantGroup section */

/* Begin XCBuildConfiguration section */
		BB1423AB1EA217BD002606BD /* Debug */ = {
			isa = XCBuildConfiguration;
			buildSettings = {
				ALWAYS_SEARCH_USER_PATHS = NO;
				CLANG_ANALYZER_NONNULL = YES;
				CLANG_ANALYZER_NUMBER_OBJECT_CONVERSION = YES_AGGRESSIVE;
				CLANG_CXX_LANGUAGE_STANDARD = "gnu++0x";
				CLANG_CXX_LIBRARY = "libc++";
				CLANG_ENABLE_MODULES = YES;
				CLANG_ENABLE_OBJC_ARC = YES;
				CLANG_WARN_BOOL_CONVERSION = YES;
				CLANG_WARN_CONSTANT_CONVERSION = YES;
				CLANG_WARN_DIRECT_OBJC_ISA_USAGE = YES_ERROR;
				CLANG_WARN_DOCUMENTATION_COMMENTS = YES;
				CLANG_WARN_EMPTY_BODY = YES;
				CLANG_WARN_ENUM_CONVERSION = YES;
				CLANG_WARN_INFINITE_RECURSION = YES;
				CLANG_WARN_INT_CONVERSION = YES;
				CLANG_WARN_OBJC_ROOT_CLASS = YES_ERROR;
				CLANG_WARN_SUSPICIOUS_MOVE = YES;
				CLANG_WARN_UNREACHABLE_CODE = YES;
				CLANG_WARN__DUPLICATE_METHOD_MATCH = YES;
				"CODE_SIGN_IDENTITY[sdk=iphoneos*]" = "iPhone Developer";
				COPY_PHASE_STRIP = NO;
				DEBUG_INFORMATION_FORMAT = dwarf;
				ENABLE_STRICT_OBJC_MSGSEND = YES;
				ENABLE_TESTABILITY = YES;
				GCC_C_LANGUAGE_STANDARD = gnu99;
				GCC_DYNAMIC_NO_PIC = NO;
				GCC_NO_COMMON_BLOCKS = YES;
				GCC_OPTIMIZATION_LEVEL = 0;
				GCC_PREPROCESSOR_DEFINITIONS = (
					"DEBUG=1",
					"$(inherited)",
				);
				GCC_WARN_64_TO_32_BIT_CONVERSION = YES;
				GCC_WARN_ABOUT_RETURN_TYPE = YES_ERROR;
				GCC_WARN_UNDECLARED_SELECTOR = YES;
				GCC_WARN_UNINITIALIZED_AUTOS = YES_AGGRESSIVE;
				GCC_WARN_UNUSED_FUNCTION = YES;
				GCC_WARN_UNUSED_VARIABLE = YES;
				IPHONEOS_DEPLOYMENT_TARGET = 10.3;
				MTL_ENABLE_DEBUG_INFO = YES;
				ONLY_ACTIVE_ARCH = YES;
				SDKROOT = iphoneos;
				SWIFT_ACTIVE_COMPILATION_CONDITIONS = DEBUG;
				SWIFT_OPTIMIZATION_LEVEL = "-Onone";
				TARGETED_DEVICE_FAMILY = "1,2";
			};
			name = Debug;
		};
		BB1423AC1EA217BD002606BD /* Release */ = {
			isa = XCBuildConfiguration;
			buildSettings = {
				ALWAYS_SEARCH_USER_PATHS = NO;
				CLANG_ANALYZER_NONNULL = YES;
				CLANG_ANALYZER_NUMBER_OBJECT_CONVERSION = YES_AGGRESSIVE;
				CLANG_CXX_LANGUAGE_STANDARD = "gnu++0x";
				CLANG_CXX_LIBRARY = "libc++";
				CLANG_ENABLE_MODULES = YES;
				CLANG_ENABLE_OBJC_ARC = YES;
				CLANG_WARN_BOOL_CONVERSION = YES;
				CLANG_WARN_CONSTANT_CONVERSION = YES;
				CLANG_WARN_DIRECT_OBJC_ISA_USAGE = YES_ERROR;
				CLANG_WARN_DOCUMENTATION_COMMENTS = YES;
				CLANG_WARN_EMPTY_BODY = YES;
				CLANG_WARN_ENUM_CONVERSION = YES;
				CLANG_WARN_INFINITE_RECURSION = YES;
				CLANG_WARN_INT_CONVERSION = YES;
				CLANG_WARN_OBJC_ROOT_CLASS = YES_ERROR;
				CLANG_WARN_SUSPICIOUS_MOVE = YES;
				CLANG_WARN_UNREACHABLE_CODE = YES;
				CLANG_WARN__DUPLICATE_METHOD_MATCH = YES;
				"CODE_SIGN_IDENTITY[sdk=iphoneos*]" = "iPhone Developer";
				COPY_PHASE_STRIP = NO;
				DEBUG_INFORMATION_FORMAT = "dwarf-with-dsym";
				ENABLE_NS_ASSERTIONS = NO;
				ENABLE_STRICT_OBJC_MSGSEND = YES;
				GCC_C_LANGUAGE_STANDARD = gnu99;
				GCC_NO_COMMON_BLOCKS = YES;
				GCC_WARN_64_TO_32_BIT_CONVERSION = YES;
				GCC_WARN_ABOUT_RETURN_TYPE = YES_ERROR;
				GCC_WARN_UNDECLARED_SELECTOR = YES;
				GCC_WARN_UNINITIALIZED_AUTOS = YES_AGGRESSIVE;
				GCC_WARN_UNUSED_FUNCTION = YES;
				GCC_WARN_UNUSED_VARIABLE = YES;
				IPHONEOS_DEPLOYMENT_TARGET = 10.3;
				MTL_ENABLE_DEBUG_INFO = NO;
				SDKROOT = iphoneos;
				SWIFT_OPTIMIZATION_LEVEL = "-Owholemodule";
				TARGETED_DEVICE_FAMILY = "1,2";
				VALIDATE_PRODUCT = YES;
			};
			name = Release;
		};
		BB1423AE1EA217BD002606BD /* Debug */ = {
			isa = XCBuildConfiguration;
			buildSettings = {
				ASSETCATALOG_COMPILER_APPICON_NAME = AppIcon;
				INFOPLIST_FILE = Calculator/Info.plist;
				LD_RUNPATH_SEARCH_PATHS = "$(inherited) @executable_path/Frameworks";
				PRODUCT_BUNDLE_IDENTIFIER = "-444.Calculator";
				PRODUCT_NAME = "$(TARGET_NAME)";
				SWIFT_VERSION = 3.0;
			};
			name = Debug;
		};
		BB1423AF1EA217BD002606BD /* Release */ = {
			isa = XCBuildConfiguration;
			buildSettings = {
				ASSETCATALOG_COMPILER_APPICON_NAME = AppIcon;
				INFOPLIST_FILE = Calculator/Info.plist;
				LD_RUNPATH_SEARCH_PATHS = "$(inherited) @executable_path/Frameworks";
				PRODUCT_BUNDLE_IDENTIFIER = "-444.Calculator";
				PRODUCT_NAME = "$(TARGET_NAME)";
				SWIFT_VERSION = 3.0;
			};
			name = Release;
		};
		BB1423B11EA217BD002606BD /* Debug */ = {
			isa = XCBuildConfiguration;
			buildSettings = {
				ALWAYS_EMBED_SWIFT_STANDARD_LIBRARIES = YES;
				BUNDLE_LOADER = "$(TEST_HOST)";
				INFOPLIST_FILE = CalculatorTests/Info.plist;
				LD_RUNPATH_SEARCH_PATHS = "$(inherited) @executable_path/Frameworks @loader_path/Frameworks";
				PRODUCT_BUNDLE_IDENTIFIER = "-444.CalculatorTests";
				PRODUCT_NAME = "$(TARGET_NAME)";
				SWIFT_VERSION = 3.0;
				TEST_HOST = "$(BUILT_PRODUCTS_DIR)/Calculator.app/Calculator";
			};
			name = Debug;
		};
		BB1423B21EA217BD002606BD /* Release */ = {
			isa = XCBuildConfiguration;
			buildSettings = {
				ALWAYS_EMBED_SWIFT_STANDARD_LIBRARIES = YES;
				BUNDLE_LOADER = "$(TEST_HOST)";
				INFOPLIST_FILE = CalculatorTests/Info.plist;
				LD_RUNPATH_SEARCH_PATHS = "$(inherited) @executable_path/Frameworks @loader_path/Frameworks";
				PRODUCT_BUNDLE_IDENTIFIER = "-444.CalculatorTests";
				PRODUCT_NAME = "$(TARGET_NAME)";
				SWIFT_VERSION = 3.0;
				TEST_HOST = "$(BUILT_PRODUCTS_DIR)/Calculator.app/Calculator";
			};
			name = Release;
		};
		BB1423B41EA217BD002606BD /* Debug */ = {
			isa = XCBuildConfiguration;
			buildSettings = {
				ALWAYS_EMBED_SWIFT_STANDARD_LIBRARIES = YES;
				INFOPLIST_FILE = CalculatorUITests/Info.plist;
				LD_RUNPATH_SEARCH_PATHS = "$(inherited) @executable_path/Frameworks @loader_path/Frameworks";
				PRODUCT_BUNDLE_IDENTIFIER = "-444.CalculatorUITests";
				PRODUCT_NAME = "$(TARGET_NAME)";
				SWIFT_VERSION = 3.0;
				TEST_TARGET_NAME = Calculator;
			};
			name = Debug;
		};
		BB1423B51EA217BD002606BD /* Release */ = {
			isa = XCBuildConfiguration;
			buildSettings = {
				ALWAYS_EMBED_SWIFT_STANDARD_LIBRARIES = YES;
				INFOPLIST_FILE = CalculatorUITests/Info.plist;
				LD_RUNPATH_SEARCH_PATHS = "$(inherited) @executable_path/Frameworks @loader_path/Frameworks";
				PRODUCT_BUNDLE_IDENTIFIER = "-444.CalculatorUITests";
				PRODUCT_NAME = "$(TARGET_NAME)";
				SWIFT_VERSION = 3.0;
				TEST_TARGET_NAME = Calculator;
			};
			name = Release;
		};
/* End XCBuildConfiguration section */

/* Begin XCConfigurationList section */
		BB1423801EA217BD002606BD /* Build configuration list for PBXProject "Calculator" */ = {
			isa = XCConfigurationList;
			buildConfigurations = (
				BB1423AB1EA217BD002606BD /* Debug */,
				BB1423AC1EA217BD002606BD /* Release */,
			);
			defaultConfigurationIsVisible = 0;
			defaultConfigurationName = Release;
		};
		BB1423AD1EA217BD002606BD /* Build configuration list for PBXNativeTarget "Calculator" */ = {
			isa = XCConfigurationList;
			buildConfigurations = (
				BB1423AE1EA217BD002606BD /* Debug */,
				BB1423AF1EA217BD002606BD /* Release */,
			);
			defaultConfigurationIsVisible = 0;
		};
		BB1423B01EA217BD002606BD /* Build configuration list for PBXNativeTarget "CalculatorTests" */ = {
			isa = XCConfigurationList;
			buildConfigurations = (
				BB1423B11EA217BD002606BD /* Debug */,
				BB1423B21EA217BD002606BD /* Release */,
			);
			defaultConfigurationIsVisible = 0;
		};
		BB1423B31EA217BD002606BD /* Build configuration list for PBXNativeTarget "CalculatorUITests" */ = {
			isa = XCConfigurationList;
			buildConfigurations = (
				BB1423B41EA217BD002606BD /* Debug */,
				BB1423B51EA217BD002606BD /* Release */,
			);
			defaultConfigurationIsVisible = 0;
		};
/* End XCConfigurationList section */
	};
	rootObject = BB14237D1EA217BD002606BD /* Project object */;
}
